
Microsoft Visual Studio Solution File, Format Version 12.00
# Visual Studio Version 17
VisualStudioVersion = 17.3.32819.101
MinimumVisualStudioVersion = 10.0.40219.1
Project("{FAE04EC0-301F-11D3-BF4B-00C04F79EFBC}") = "ShoppingStoreApp", "ShoppingStoreApp\ShoppingStoreApp.csproj", "{162CE12E-6733-4EC9-BEA4-4A2BF5A24D9C}"
EndProject
Global
	GlobalSection(SolutionConfigurationPlatforms) = preSolution
		Debug|Any CPU = Debug|Any CPU
		Release|Any CPU = Release|Any CPU
	EndGlobalSection
	GlobalSection(ProjectConfigurationPlatforms) = postSolution
		{162CE12E-6733-4EC9-BEA4-4A2BF5A24D9C}.Debug|Any CPU.ActiveCfg = Debug|Any CPU
		{162CE12E-6733-4EC9-BEA4-4A2BF5A24D9C}.Debug|Any CPU.Build.0 = Debug|Any CPU
		{162CE12E-6733-4EC9-BEA4-4A2BF5A24D9C}.Release|Any CPU.ActiveCfg = Release|Any CPU
		{162CE12E-6733-4EC9-BEA4-4A2BF5A24D9C}.Release|Any CPU.Build.0 = Release|Any CPU
	EndGlobalSection
	GlobalSection(SolutionProperties) = preSolution
		HideSolutionNode = FALSE
	EndGlobalSection
	GlobalSection(ExtensibilityGlobals) = postSolution
		SolutionGuid = {CB3F1E52-D2C5-459D-BE62-51E5AC1003C7}
	EndGlobalSection
EndGlobal
